
Microsoft Visual Studio Solution File, Format Version 12.00
Project("{FAE04EC0-301F-11D3-BF4B-00C04F79EFBC}") = "API", "API\API.csproj", "{2A9CC826-5210-4B7D-8EC3-71B96AC621A5}"
EndProject
Project("{FAE04EC0-301F-11D3-BF4B-00C04F79EFBC}") = "Application", "Application\Application.csproj", "{A202B6FF-D9BB-49B8-94BB-1146050AA660}"
EndProject
Project("{FAE04EC0-301F-11D3-BF4B-00C04F79EFBC}") = "Infrastructure", "Infrastructure\Infrastructure.csproj", "{D6263C9D-ED8C-4D75-8DBD-9E004ED9EDD6}"
EndProject
Project("{FAE04EC0-301F-11D3-BF4B-00C04F79EFBC}") = "Domain", "Domain\Domain.csproj", "{4830E459-2324-4545-BA83-CE341ED6BF17}"
EndProject
Project("{FAE04EC0-301F-11D3-BF4B-00C04F79EFBC}") = "Contracts", "Contracts\Contracts.csproj", "{FDAEF566-B1EB-4D4B-B502-432BE42F985B}"
EndProject
Global
	GlobalSection(SolutionConfigurationPlatforms) = preSolution
		Debug|Any CPU = Debug|Any CPU
		Release|Any CPU = Release|Any CPU
	EndGlobalSection
	GlobalSection(ProjectConfigurationPlatforms) = postSolution
		{2A9CC826-5210-4B7D-8EC3-71B96AC621A5}.Debug|Any CPU.ActiveCfg = Debug|Any CPU
		{2A9CC826-5210-4B7D-8EC3-71B96AC621A5}.Debug|Any CPU.Build.0 = Debug|Any CPU
		{2A9CC826-5210-4B7D-8EC3-71B96AC621A5}.Release|Any CPU.ActiveCfg = Release|Any CPU
		{2A9CC826-5210-4B7D-8EC3-71B96AC621A5}.Release|Any CPU.Build.0 = Release|Any CPU
		{A202B6FF-D9BB-49B8-94BB-1146050AA660}.Debug|Any CPU.ActiveCfg = Debug|Any CPU
		{A202B6FF-D9BB-49B8-94BB-1146050AA660}.Debug|Any CPU.Build.0 = Debug|Any CPU
		{A202B6FF-D9BB-49B8-94BB-1146050AA660}.Release|Any CPU.ActiveCfg = Release|Any CPU
		{A202B6FF-D9BB-49B8-94BB-1146050AA660}.Release|Any CPU.Build.0 = Release|Any CPU
		{D6263C9D-ED8C-4D75-8DBD-9E004ED9EDD6}.Debug|Any CPU.ActiveCfg = Debug|Any CPU
		{D6263C9D-ED8C-4D75-8DBD-9E004ED9EDD6}.Debug|Any CPU.Build.0 = Debug|Any CPU
		{D6263C9D-ED8C-4D75-8DBD-9E004ED9EDD6}.Release|Any CPU.ActiveCfg = Release|Any CPU
		{D6263C9D-ED8C-4D75-8DBD-9E004ED9EDD6}.Release|Any CPU.Build.0 = Release|Any CPU
		{4830E459-2324-4545-BA83-CE341ED6BF17}.Debug|Any CPU.ActiveCfg = Debug|Any CPU
		{4830E459-2324-4545-BA83-CE341ED6BF17}.Debug|Any CPU.Build.0 = Debug|Any CPU
		{4830E459-2324-4545-BA83-CE341ED6BF17}.Release|Any CPU.ActiveCfg = Release|Any CPU
		{4830E459-2324-4545-BA83-CE341ED6BF17}.Release|Any CPU.Build.0 = Release|Any CPU
		{FDAEF566-B1EB-4D4B-B502-432BE42F985B}.Debug|Any CPU.ActiveCfg = Debug|Any CPU
		{FDAEF566-B1EB-4D4B-B502-432BE42F985B}.Debug|Any CPU.Build.0 = Debug|Any CPU
		{FDAEF566-B1EB-4D4B-B502-432BE42F985B}.Release|Any CPU.ActiveCfg = Release|Any CPU
		{FDAEF566-B1EB-4D4B-B502-432BE42F985B}.Release|Any CPU.Build.0 = Release|Any CPU
	EndGlobalSection
EndGlobal
